
Microsoft Visual Studio Solution File, Format Version 12.00
# Visual Studio 15
VisualStudioVersion = 15.0.28010.2046
MinimumVisualStudioVersion = 10.0.40219.1
Project("{FAE04EC0-301F-11D3-BF4B-00C04F79EFBC}") = "Task2 persons class", "Task2 persons class\Task2 persons class.csproj", "{482065FE-71D0-44FE-A389-9C9C0ADD3BAE}"
EndProject
Global
	GlobalSection(SolutionConfigurationPlatforms) = preSolution
		Debug|Any CPU = Debug|Any CPU
		Release|Any CPU = Release|Any CPU
	EndGlobalSection
	GlobalSection(ProjectConfigurationPlatforms) = postSolution
		{482065FE-71D0-44FE-A389-9C9C0ADD3BAE}.Debug|Any CPU.ActiveCfg = Debug|Any CPU
		{482065FE-71D0-44FE-A389-9C9C0ADD3BAE}.Debug|Any CPU.Build.0 = Debug|Any CPU
		{482065FE-71D0-44FE-A389-9C9C0ADD3BAE}.Release|Any CPU.ActiveCfg = Release|Any CPU
		{482065FE-71D0-44FE-A389-9C9C0ADD3BAE}.Release|Any CPU.Build.0 = Release|Any CPU
	EndGlobalSection
	GlobalSection(SolutionProperties) = preSolution
		HideSolutionNode = FALSE
	EndGlobalSection
	GlobalSection(ExtensibilityGlobals) = postSolution
		SolutionGuid = {4B15B22F-6A3E-4D2C-BDB2-F948A80C2859}
	EndGlobalSection
EndGlobal
